{
  "name": "sif",
  "lockfileVersion": 2,
  "requires": true,
  "packages": {
    "": {
      "dependencies": {
        "datatables.net-bs4": "^1.11.3",
        "vue-form-wizard": "^0.8.4",
        "vue-search-select": "^2.9.4",
        "vue-select": "^3.13.0"
      }
    },
    "node_modules/datatables.net": {
      "version": "1.11.3",
      "resolved": "https://registry.npmjs.org/datatables.net/-/datatables.net-1.11.3.tgz",
      "integrity": "sha512-VMj5qEaTebpNurySkM6jy6sGpl+s6onPK8xJhYr296R/vUBnz1+id16NVqNf9z5aR076OGcpGHCuiTuy4E05oQ==",
      "dependencies": {
        "jquery": ">=1.7"
      }
    },
    "node_modules/datatables.net-bs4": {
      "version": "1.11.3",
      "resolved": "https://registry.npmjs.org/datatables.net-bs4/-/datatables.net-bs4-1.11.3.tgz",
      "integrity": "sha512-UPT2F1nvZZzKJSSHb+3+bTeQy1ULLMT1BexBHCkh5PhMnAZNPbTEZD+6To1RCBfUF1rtPwIJTwJ+Jjjxy86xRw==",
      "dependencies": {
        "datatables.net": ">=1.10.25",
        "jquery": ">=1.7"
      }
    },
    "node_modules/jquery": {
      "version": "3.6.0",
      "resolved": "https://registry.npmjs.org/jquery/-/jquery-3.6.0.tgz",
      "integrity": "sha512-JVzAR/AjBvVt2BmYhxRCSYysDsPcssdmTFnzyLEts9qNwmjmu4JTAMYubEfwVOSwpQ1I1sKKFcxhZCI2buerfw=="
    },
    "node_modules/vue": {
      "version": "2.6.14",
      "resolved": "https://registry.npmjs.org/vue/-/vue-2.6.14.tgz",
      "integrity": "sha512-x2284lgYvjOMj3Za7kqzRcUSxBboHqtgRE2zlos1qWaOye5yUmHn42LB1250NJBLRwEcdrB0JRwyPTEPhfQjiQ==",
      "peer": true
    },
    "node_modules/vue-form-wizard": {
      "version": "0.8.4",
      "resolved": "https://registry.npmjs.org/vue-form-wizard/-/vue-form-wizard-0.8.4.tgz",
      "integrity": "sha512-/Zk1+B7bz7qHFJ16mwu021lpPXWf/9Tlr2mTNG3J7M0Hdy3rgA802lWsbKYySns0B0qtsD8BYGjQ2Wyxgg+4uw==",
      "engines": {
        "node": ">= 4.0.0",
        "npm": ">= 3.0.0"
      }
    },
    "node_modules/vue-search-select": {
      "version": "2.9.4",
      "resolved": "https://registry.npmjs.org/vue-search-select/-/vue-search-select-2.9.4.tgz",
      "integrity": "sha512-2keXPmwDKvrLuQf6m0LsqeTySI8irTtiIrxSd02YxqkgrAGoT90xtpA5bbAw9G0MgXOz8N4h1U06jNlIwcIWiQ=="
    },
    "node_modules/vue-select": {
      "version": "3.13.0",
      "resolved": "https://registry.npmjs.org/vue-select/-/vue-select-3.13.0.tgz",
      "integrity": "sha512-+PcWtfA1i3WVtkVwBPQknnOZL6QWSD2XiAVbSn0xAQvjOrmGAg7z+o9HkezXhtGdEstloJOdM8SujrUVyphKqg==",
      "peerDependencies": {
        "vue": "2.x"
      }
    }
  },
  "dependencies": {
    "datatables.net": {
      "version": "1.11.3",
      "resolved": "https://registry.npmjs.org/datatables.net/-/datatables.net-1.11.3.tgz",
      "integrity": "sha512-VMj5qEaTebpNurySkM6jy6sGpl+s6onPK8xJhYr296R/vUBnz1+id16NVqNf9z5aR076OGcpGHCuiTuy4E05oQ==",
      "requires": {
        "jquery": ">=1.7"
      }
    },
    "datatables.net-bs4": {
      "version": "1.11.3",
      "resolved": "https://registry.npmjs.org/datatables.net-bs4/-/datatables.net-bs4-1.11.3.tgz",
      "integrity": "sha512-UPT2F1nvZZzKJSSHb+3+bTeQy1ULLMT1BexBHCkh5PhMnAZNPbTEZD+6To1RCBfUF1rtPwIJTwJ+Jjjxy86xRw==",
      "requires": {
        "datatables.net": ">=1.10.25",
        "jquery": ">=1.7"
      }
    },
    "jquery": {
      "version": "3.6.0",
      "resolved": "https://registry.npmjs.org/jquery/-/jquery-3.6.0.tgz",
      "integrity": "sha512-JVzAR/AjBvVt2BmYhxRCSYysDsPcssdmTFnzyLEts9qNwmjmu4JTAMYubEfwVOSwpQ1I1sKKFcxhZCI2buerfw=="
    },
    "vue": {
      "version": "2.6.14",
      "resolved": "https://registry.npmjs.org/vue/-/vue-2.6.14.tgz",
      "integrity": "sha512-x2284lgYvjOMj3Za7kqzRcUSxBboHqtgRE2zlos1qWaOye5yUmHn42LB1250NJBLRwEcdrB0JRwyPTEPhfQjiQ==",
      "peer": true
    },
    "vue-form-wizard": {
      "version": "0.8.4",
      "resolved": "https://registry.npmjs.org/vue-form-wizard/-/vue-form-wizard-0.8.4.tgz",
      "integrity": "sha512-/Zk1+B7bz7qHFJ16mwu021lpPXWf/9Tlr2mTNG3J7M0Hdy3rgA802lWsbKYySns0B0qtsD8BYGjQ2Wyxgg+4uw=="
    },
    "vue-search-select": {
      "version": "2.9.4",
      "resolved": "https://registry.npmjs.org/vue-search-select/-/vue-search-select-2.9.4.tgz",
      "integrity": "sha512-2keXPmwDKvrLuQf6m0LsqeTySI8irTtiIrxSd02YxqkgrAGoT90xtpA5bbAw9G0MgXOz8N4h1U06jNlIwcIWiQ=="
    },
    "vue-select": {
      "version": "3.13.0",
      "resolved": "https://registry.npmjs.org/vue-select/-/vue-select-3.13.0.tgz",
      "integrity": "sha512-+PcWtfA1i3WVtkVwBPQknnOZL6QWSD2XiAVbSn0xAQvjOrmGAg7z+o9HkezXhtGdEstloJOdM8SujrUVyphKqg==",
      "requires": {}
    }
  }
}
