{
  "requires": true,
  "lockfileVersion": 1,
  "dependencies": {
    "bootstrap": {
      "version": "4.3.1",
      "resolved": "https://registry.npmjs.org/bootstrap/-/bootstrap-4.3.1.tgz",
      "integrity": "sha512-rXqOmH1VilAt2DyPzluTi2blhk17bO7ef+zLLPlWvG494pDxcM234pJ8wTc/6R40UWizAIIMgxjvxZg5kmsbag=="
    },
    "bootstrap-fileinput": {
      "version": "5.0.4",
      "resolved": "https://registry.npmjs.org/bootstrap-fileinput/-/bootstrap-fileinput-5.0.4.tgz",
      "integrity": "sha512-trdUTIwoJN1bAgevz4DVEki/XU+zKigBTawlNDVXkKCHLt+ObgR6WDRjDUzz19SS66/WqjhWS9/XFtwkTjnuDQ==",
      "requires": {
        "bootstrap": ">= 3.4.1",
        "jquery": ">= 1.9.0"
      }
    },
    "bootstrap-icons": {
      "version": "1.4.0",
      "resolved": "https://registry.npmjs.org/bootstrap-icons/-/bootstrap-icons-1.4.0.tgz",
      "integrity": "sha512-EynaOv/G/X/sQgPUqkdLJoxPrWk73wwsVjVR3cDNYO0jMS58poq7DOC2CraBWlBt1AberEmt0blfw4ony2/ZIg=="
    },
    "core-util-is": {
      "version": "1.0.2",
      "resolved": "https://registry.npmjs.org/core-util-is/-/core-util-is-1.0.2.tgz",
      "integrity": "sha1-tf1UIgqivFq1eqtxQMlAdUUDwac="
    },
    "datatables.net": {
      "version": "1.10.22",
      "resolved": "https://registry.npmjs.org/datatables.net/-/datatables.net-1.10.22.tgz",
      "integrity": "sha512-ujn8GvkQIBYzYH54XY7OrI0Zb35TKRd9ABYfbnXgBfwTGIFT6UsmXrfHU5Yk+MSDoF0sDu2TB+31V6c+zUZ0Pw==",
      "requires": {
        "jquery": ">=1.7"
      }
    },
    "datatables.net-bs": {
      "version": "1.10.22",
      "resolved": "https://registry.npmjs.org/datatables.net-bs/-/datatables.net-bs-1.10.22.tgz",
      "integrity": "sha512-sFEM/7vIMNsFjgYGpnTdIggZvVXzdPbVRRN98zp6jOf4VH7ei+MC3N39w6jnHiTDNu/2c3wRCMz077UpleXJOQ==",
      "requires": {
        "datatables.net": "1.10.22",
        "jquery": ">=1.7"
      }
    },
    "datatables.net-buttons": {
      "version": "1.6.5",
      "resolved": "https://registry.npmjs.org/datatables.net-buttons/-/datatables.net-buttons-1.6.5.tgz",
      "integrity": "sha512-JmV1ncTbpiDXxU/e8ucFIbNLrmlGUrWrURBLI19Rd/rT+WSbH8TmLjoFVyTFuvC4PdzyLY2swEi+O1SC1ehGKQ==",
      "requires": {
        "datatables.net": "^1.10.15",
        "jquery": ">=1.7"
      }
    },
    "datatables.net-buttons-bs": {
      "version": "1.6.5",
      "resolved": "https://registry.npmjs.org/datatables.net-buttons-bs/-/datatables.net-buttons-bs-1.6.5.tgz",
      "integrity": "sha512-T6YQNU4CnqLBAGqwepwXpqh405fdgNWzSP/sph8CulH3FCdG95oyxgS/6sTCZjS2B+GTwDhxOE9SM4LMCIs1lw==",
      "requires": {
        "datatables.net-bs": "^1.10.15",
        "datatables.net-buttons": "1.6.5",
        "jquery": ">=1.7"
      }
    },
    "datatables.net-fixedcolumns": {
      "version": "3.3.2",
      "resolved": "https://registry.npmjs.org/datatables.net-fixedcolumns/-/datatables.net-fixedcolumns-3.3.2.tgz",
      "integrity": "sha512-LKWJZDSU9R8Z7rz/YSxSyAhxvtBvrA08oCY7y9h8ExynfEG3XUzAPejb2Y1I0YznPcnaYEnukUXLRHU6DjTnWQ==",
      "requires": {
        "datatables.net": "^1.10.15",
        "jquery": ">=1.7"
      }
    },
    "datatables.net-fixedcolumns-bs": {
      "version": "3.3.2",
      "resolved": "https://registry.npmjs.org/datatables.net-fixedcolumns-bs/-/datatables.net-fixedcolumns-bs-3.3.2.tgz",
      "integrity": "sha512-RRPLAhzjEIW8zBPwfFbc6uJaP1nwLcMSNCEnyztT4DP3D0r4lv3+dFX+s0FPhTX7p+ZrX/BLDwgctliWgCJfNQ==",
      "requires": {
        "datatables.net-bs": "^1.10.15",
        "datatables.net-fixedcolumns": "3.3.2",
        "jquery": ">=1.7"
      }
    },
    "datatables.net-responsive": {
      "version": "2.2.6",
      "resolved": "https://registry.npmjs.org/datatables.net-responsive/-/datatables.net-responsive-2.2.6.tgz",
      "integrity": "sha512-cSz8xlM6bUgQlroT6wJjj+wyKGo+GY2Bq+2CL17HaLGrtv1k/RDitHoDMdYbaKljBwSa4sGVBxikHGz3yvirJA==",
      "requires": {
        "datatables.net": "^1.10.15",
        "jquery": ">=1.7"
      }
    },
    "datatables.net-responsive-bs": {
      "version": "2.2.6",
      "resolved": "https://registry.npmjs.org/datatables.net-responsive-bs/-/datatables.net-responsive-bs-2.2.6.tgz",
      "integrity": "sha512-ZGOoLyHxrlUMoOosPSwR9diDG4LZEJMl4rQZ0ApbA8l7U1QZVjcy+9L4V98xVeb1BElq91j7+zlQZBvAtGOlAw==",
      "requires": {
        "datatables.net-bs": "^1.10.15",
        "datatables.net-responsive": "2.2.6",
        "jquery": ">=1.7"
      }
    },
    "immediate": {
      "version": "3.0.6",
      "resolved": "https://registry.npmjs.org/immediate/-/immediate-3.0.6.tgz",
      "integrity": "sha1-nbHb0Pr43m++D13V5Wu2BigN5ps="
    },
    "inherits": {
      "version": "2.0.4",
      "resolved": "https://registry.npmjs.org/inherits/-/inherits-2.0.4.tgz",
      "integrity": "sha512-k/vGaX4/Yla3WzyMCvTQOXYeIHvqOKtnqBduzTHpzpQZzAskKMhZ2K+EnBiSM9zGSoIFeMpXKxa4dYeZIQqewQ=="
    },
    "isarray": {
      "version": "1.0.0",
      "resolved": "https://registry.npmjs.org/isarray/-/isarray-1.0.0.tgz",
      "integrity": "sha1-u5NdSFgsuhaMBoNJV6VKPgcSTxE="
    },
    "jquery": {
      "version": "3.4.1",
      "resolved": "https://registry.npmjs.org/jquery/-/jquery-3.4.1.tgz",
      "integrity": "sha512-36+AdBzCL+y6qjw5Tx7HgzeGCzC81MDDgaUP8ld2zhx58HdqXGoBd+tHdrBMiyjGQs0Hxs/MLZTu/eHNJJuWPw=="
    },
    "jszip": {
      "version": "3.5.0",
      "resolved": "https://registry.npmjs.org/jszip/-/jszip-3.5.0.tgz",
      "integrity": "sha512-WRtu7TPCmYePR1nazfrtuF216cIVon/3GWOvHS9QR5bIwSbnxtdpma6un3jyGGNhHsKCSzn5Ypk+EkDRvTGiFA==",
      "requires": {
        "lie": "~3.3.0",
        "pako": "~1.0.2",
        "readable-stream": "~2.3.6",
        "set-immediate-shim": "~1.0.1"
      }
    },
    "lie": {
      "version": "3.3.0",
      "resolved": "https://registry.npmjs.org/lie/-/lie-3.3.0.tgz",
      "integrity": "sha512-UaiMJzeWRlEujzAuw5LokY1L5ecNQYZKfmyZ9L7wDHb/p5etKaxXhohBcrw0EYby+G/NA52vRSN4N39dxHAIwQ==",
      "requires": {
        "immediate": "~3.0.5"
      }
    },
    "pako": {
      "version": "1.0.11",
      "resolved": "https://registry.npmjs.org/pako/-/pako-1.0.11.tgz",
      "integrity": "sha512-4hLB8Py4zZce5s4yd9XzopqwVv/yGNhV1Bl8NTmCq1763HeK2+EwVTv+leGeL13Dnh2wfbqowVPXCIO0z4taYw=="
    },
    "process-nextick-args": {
      "version": "2.0.1",
      "resolved": "https://registry.npmjs.org/process-nextick-args/-/process-nextick-args-2.0.1.tgz",
      "integrity": "sha512-3ouUOpQhtgrbOa17J7+uxOTpITYWaGP7/AhoR3+A+/1e9skrzelGi/dXzEYyvbxubEF6Wn2ypscTKiKJFFn1ag=="
    },
    "readable-stream": {
      "version": "2.3.7",
      "resolved": "https://registry.npmjs.org/readable-stream/-/readable-stream-2.3.7.tgz",
      "integrity": "sha512-Ebho8K4jIbHAxnuxi7o42OrZgF/ZTNcsZj6nRKyUmkhLFq8CHItp/fy6hQZuZmP/n3yZ9VBUbp4zz/mX8hmYPw==",
      "requires": {
        "core-util-is": "~1.0.0",
        "inherits": "~2.0.3",
        "isarray": "~1.0.0",
        "process-nextick-args": "~2.0.0",
        "safe-buffer": "~5.1.1",
        "string_decoder": "~1.1.1",
        "util-deprecate": "~1.0.1"
      }
    },
    "safe-buffer": {
      "version": "5.1.2",
      "resolved": "https://registry.npmjs.org/safe-buffer/-/safe-buffer-5.1.2.tgz",
      "integrity": "sha512-Gd2UZBJDkXlY7GbJxfsE8/nvKkUEU1G38c1siN6QP6a9PT9MmHB8GnpscSmMJSoF8LOIrt8ud/wPtojys4G6+g=="
    },
    "set-immediate-shim": {
      "version": "1.0.1",
      "resolved": "https://registry.npmjs.org/set-immediate-shim/-/set-immediate-shim-1.0.1.tgz",
      "integrity": "sha1-SysbJ+uAip+NzEgaWOXlb1mfP2E="
    },
    "string_decoder": {
      "version": "1.1.1",
      "resolved": "https://registry.npmjs.org/string_decoder/-/string_decoder-1.1.1.tgz",
      "integrity": "sha512-n/ShnvDi6FHbbVfviro+WojiFzv+s8MPMHBczVePfUpDJLwoLT0ht1l4YwBCbi8pJAveEEdnkHyPyTP/mzRfwg==",
      "requires": {
        "safe-buffer": "~5.1.0"
      }
    },
    "util-deprecate": {
      "version": "1.0.2",
      "resolved": "https://registry.npmjs.org/util-deprecate/-/util-deprecate-1.0.2.tgz",
      "integrity": "sha1-RQ1Nyfpw3nMnYvvS1KKJgUGaDM8="
    }
  }
}
